
Microsoft Visual Studio Solution File, Format Version 12.00
# Visual Studio Version 16
VisualStudioVersion = 16.0.32413.511
MinimumVisualStudioVersion = 10.0.40219.1
Project("{FAE04EC0-301F-11D3-BF4B-00C04F79EFBC}") = "ConsoleApp1", "ConsoleApp1.csproj", "{18D29DFE-744E-425E-866F-460D64FD872F}"
EndProject
Global
	GlobalSection(SolutionConfigurationPlatforms) = preSolution
		Debug|Any CPU = Debug|Any CPU
		Release|Any CPU = Release|Any CPU
	EndGlobalSection
	GlobalSection(ProjectConfigurationPlatforms) = postSolution
		{18D29DFE-744E-425E-866F-460D64FD872F}.Debug|Any CPU.ActiveCfg = Debug|Any CPU
		{18D29DFE-744E-425E-866F-460D64FD872F}.Debug|Any CPU.Build.0 = Debug|Any CPU
		{18D29DFE-744E-425E-866F-460D64FD872F}.Release|Any CPU.ActiveCfg = Release|Any CPU
		{18D29DFE-744E-425E-866F-460D64FD872F}.Release|Any CPU.Build.0 = Release|Any CPU
	EndGlobalSection
	GlobalSection(SolutionProperties) = preSolution
		HideSolutionNode = FALSE
	EndGlobalSection
	GlobalSection(ExtensibilityGlobals) = postSolution
		SolutionGuid = {F6520B6D-D2F9-4285-A811-4BFB25A850E6}
	EndGlobalSection
EndGlobal
